
Microsoft Visual Studio Solution File, Format Version 12.00
# Visual Studio 15
VisualStudioVersion = 15.0.28307.1433
MinimumVisualStudioVersion = 10.0.40219.1
Project("{FAE04EC0-301F-11D3-BF4B-00C04F79EFBC}") = "Message_b_course_06", "Message_b_course_06\Message_b_course_06.csproj", "{C6F86837-DFBE-4978-89A5-75C869C96173}"
EndProject
Global
	GlobalSection(SolutionConfigurationPlatforms) = preSolution
		Debug|Any CPU = Debug|Any CPU
		Release|Any CPU = Release|Any CPU
	EndGlobalSection
	GlobalSection(ProjectConfigurationPlatforms) = postSolution
		{C6F86837-DFBE-4978-89A5-75C869C96173}.Debug|Any CPU.ActiveCfg = Debug|Any CPU
		{C6F86837-DFBE-4978-89A5-75C869C96173}.Debug|Any CPU.Build.0 = Debug|Any CPU
		{C6F86837-DFBE-4978-89A5-75C869C96173}.Release|Any CPU.ActiveCfg = Release|Any CPU
		{C6F86837-DFBE-4978-89A5-75C869C96173}.Release|Any CPU.Build.0 = Release|Any CPU
	EndGlobalSection
	GlobalSection(SolutionProperties) = preSolution
		HideSolutionNode = FALSE
	EndGlobalSection
	GlobalSection(ExtensibilityGlobals) = postSolution
		SolutionGuid = {E3122528-6D10-412F-AFE2-0890F5B91807}
	EndGlobalSection
EndGlobal
