
Microsoft Visual Studio Solution File, Format Version 12.00
# Visual Studio 15
VisualStudioVersion = 15.0.28307.1433
MinimumVisualStudioVersion = 10.0.40219.1
Project("{FAE04EC0-301F-11D3-BF4B-00C04F79EFBC}") = "Pannel", "Pannel\Pannel.csproj", "{683C4190-68ED-40C8-A28F-1D16C77BD284}"
EndProject
Global
	GlobalSection(SolutionConfigurationPlatforms) = preSolution
		Debug|Any CPU = Debug|Any CPU
		Release|Any CPU = Release|Any CPU
	EndGlobalSection
	GlobalSection(ProjectConfigurationPlatforms) = postSolution
		{683C4190-68ED-40C8-A28F-1D16C77BD284}.Debug|Any CPU.ActiveCfg = Debug|Any CPU
		{683C4190-68ED-40C8-A28F-1D16C77BD284}.Debug|Any CPU.Build.0 = Debug|Any CPU
		{683C4190-68ED-40C8-A28F-1D16C77BD284}.Release|Any CPU.ActiveCfg = Release|Any CPU
		{683C4190-68ED-40C8-A28F-1D16C77BD284}.Release|Any CPU.Build.0 = Release|Any CPU
	EndGlobalSection
	GlobalSection(SolutionProperties) = preSolution
		HideSolutionNode = FALSE
	EndGlobalSection
	GlobalSection(ExtensibilityGlobals) = postSolution
		SolutionGuid = {54B208E2-C5EB-4CFD-AD9C-F56604DA49AA}
	EndGlobalSection
EndGlobal
